
Microsoft Visual Studio Solution File, Format Version 12.00
Project("{FAE04EC0-301F-11D3-BF4B-00C04F79EFBC}") = "Seminar_1", "Seminar_1\Seminar_1.csproj", "{A42CFF58-ED07-47DB-9058-FED2A41D78DE}"
EndProject
Global
	GlobalSection(SolutionConfigurationPlatforms) = preSolution
		Debug|Any CPU = Debug|Any CPU
		Release|Any CPU = Release|Any CPU
	EndGlobalSection
	GlobalSection(ProjectConfigurationPlatforms) = postSolution
		{A42CFF58-ED07-47DB-9058-FED2A41D78DE}.Debug|Any CPU.ActiveCfg = Debug|Any CPU
		{A42CFF58-ED07-47DB-9058-FED2A41D78DE}.Debug|Any CPU.Build.0 = Debug|Any CPU
		{A42CFF58-ED07-47DB-9058-FED2A41D78DE}.Release|Any CPU.ActiveCfg = Release|Any CPU
		{A42CFF58-ED07-47DB-9058-FED2A41D78DE}.Release|Any CPU.Build.0 = Release|Any CPU
	EndGlobalSection
EndGlobal
